
Microsoft Visual Studio Solution File, Format Version 12.00
# Visual Studio 14
VisualStudioVersion = 14.0.25420.1
MinimumVisualStudioVersion = 10.0.40219.1
Project("{FAE04EC0-301F-11D3-BF4B-00C04F79EFBC}") = "Corp.TestTcpClient", "Corp.TestTcpClient\Corp.TestTcpClient.csproj", "{2C74F11C-0BA2-49D8-AFA9-946F7F3962D5}"
EndProject
Project("{FAE04EC0-301F-11D3-BF4B-00C04F79EFBC}") = "Corp.RouterService.Message", "Corp.RouterService.Message\Corp.RouterService.Message.csproj", "{8F58AC13-58D2-4C80-BE5B-25216B22F3D6}"
EndProject
Project("{FAE04EC0-301F-11D3-BF4B-00C04F79EFBC}") = "Corp.TestEchoHost", "Corp.TestEchoHost\Corp.TestEchoHost.csproj", "{983FA221-2A49-4CFE-8C18-37CA8860C2C3}"
EndProject
Project("{FAE04EC0-301F-11D3-BF4B-00C04F79EFBC}") = "Corp.Antigonis.RouterServiceService", "Corp.Antigonis.RouterServiceService\Corp.Antigonis.RouterServiceService.csproj", "{3DA2A0AC-5BEB-428A-AA75-423CD6D20D41}"
EndProject
Project("{2150E333-8FDC-42A3-9474-1A3956D46DE8}") = "RelatedProjects", "RelatedProjects", "{0A0703B2-2D4C-4ACB-BA2D-F017EC895FF1}"
EndProject
Project("{FAE04EC0-301F-11D3-BF4B-00C04F79EFBC}") = "Corp.RouterService.WcfClientBasePool", "Corp.RouterService.WcfClientBasePool\Corp.RouterService.WcfClientBasePool.csproj", "{A861A7AA-6742-4946-93CB-318479208879}"
EndProject
Project("{FAE04EC0-301F-11D3-BF4B-00C04F79EFBC}") = "Corp.RouterService", "Corp.RouterService\Corp.RouterService.csproj", "{064701B0-5356-4722-B017-3A61178B76C8}"
EndProject
Project("{FAE04EC0-301F-11D3-BF4B-00C04F79EFBC}") = "DatagramProcessor.Iso8583DatagramProcessor", "DatagramProcessor.Iso8583DatagramProcessor\DatagramProcessor.Iso8583DatagramProcessor.csproj", "{F71A2B0E-B6EB-47A1-9012-F04400DEA721}"
EndProject
Project("{FAE04EC0-301F-11D3-BF4B-00C04F79EFBC}") = "DatagramProcessor.OperationDatagramProcessor", "DatagramProcessor.OperationDatagramProcessor\DatagramProcessor.OperationDatagramProcessor.csproj", "{4F9E05F9-5D4F-45B2-88C8-1321ECD4A9BD}"
EndProject
Project("{FAE04EC0-301F-11D3-BF4B-00C04F79EFBC}") = "DatagramProcessor.WebDatagramProcessor", "DatagramProcessor.WebDatagramProcessor\DatagramProcessor.WebDatagramProcessor.csproj", "{4258375E-6727-414D-99F7-851FD3584624}"
EndProject
Project("{FAE04EC0-301F-11D3-BF4B-00C04F79EFBC}") = "TestSendDataToTcp", "TestSendDataToTcp\TestSendDataToTcp.csproj", "{43B376E5-3CF6-41E4-90E8-3FE58FCBAE7F}"
EndProject
Project("{2150E333-8FDC-42A3-9474-1A3956D46DE8}") = "TestProjects", "TestProjects", "{9910F470-3519-4E2E-9BAC-11A4BC6051F6}"
EndProject
Project("{FAE04EC0-301F-11D3-BF4B-00C04F79EFBC}") = "DatagramProcessor.HsmDatagramProcessor", "DatagramProcessor.HsmDatagramProcessor\DatagramProcessor.HsmDatagramProcessor.csproj", "{6540342A-F9C9-4EC2-9359-C60A0E71D383}"
EndProject
Project("{FAE04EC0-301F-11D3-BF4B-00C04F79EFBC}") = "HsmLibrary", "HsmLibrary\HsmLibrary.csproj", "{98FE2061-C22A-4C5C-A0B6-4B42EB2C9608}"
EndProject
Project("{FAE04EC0-301F-11D3-BF4B-00C04F79EFBC}") = "Corp.TestRouterServiceWcfServer", "Corp.TestRouterServiceWcfServer\Corp.TestRouterServiceWcfServer.csproj", "{4BD6EF0E-AFA6-422B-B8DB-C666F3DAE8E1}"
EndProject
Project("{FAE04EC0-301F-11D3-BF4B-00C04F79EFBC}") = "Corp.HSMServiceProxy", "Corp.HSMServiceProxy\Corp.HSMServiceProxy.csproj", "{CF1F7B0B-85ED-4F7B-A8F1-C4924212FABC}"
EndProject
Project("{FAE04EC0-301F-11D3-BF4B-00C04F79EFBC}") = "Corp.OperationServiceProxy", "Corp.OperationServiceProxy\Corp.OperationServiceProxy.csproj", "{0B0461B6-FFB9-41EA-AA8E-6A04A469B1E7}"
EndProject
Project("{FAE04EC0-301F-11D3-BF4B-00C04F79EFBC}") = "DatagramProcessor.InformationDatagramProcessor", "DatagramProcessor.InformationDatagramProcessor\DatagramProcessor.InformationDatagramProcessor.csproj", "{C2911262-91DF-4F0D-B308-548789CEF11F}"
EndProject
Project("{FAE04EC0-301F-11D3-BF4B-00C04F79EFBC}") = "Corp.TestAntigonisOperationClient", "Corp.TestAntigonisOperationClient\Corp.TestAntigonisOperationClient.csproj", "{50E3A442-99F3-48E2-BF6D-525E6E3AA635}"
EndProject
Project("{FAE04EC0-301F-11D3-BF4B-00C04F79EFBC}") = "DatagramProcessor.ItpDatagramProcessor", "DatagramProcessor.ItpDatagramProcessor\DatagramProcessor.ItpDatagramProcessor.csproj", "{3EC82BA3-94D8-47B5-9193-C4D84DAA64FE}"
EndProject
Project("{FAE04EC0-301F-11D3-BF4B-00C04F79EFBC}") = "Corp.TestAntigonisInformationClient", "Corp.TestAntigonisInformationClient\Corp.TestAntigonisInformationClient.csproj", "{01E58B26-3ECB-431B-92AF-4CD37976365E}"
EndProject
Project("{FAE04EC0-301F-11D3-BF4B-00C04F79EFBC}") = "DatagramProcessor.ThreePleLayerSecurityDatagramProcessor", "DatagramProcessor.ThreePleLayerSecurityDatagramProcessor\DatagramProcessor.ThreePleLayerSecurityDatagramProcessor.csproj", "{DD284F04-78BF-4F72-8C57-DF88912568E7}"
EndProject
Project("{2150E333-8FDC-42A3-9474-1A3956D46DE8}") = "Proxies", "Proxies", "{94D0207D-F8FD-4670-96E3-6B1FDABA6D41}"
EndProject
Project("{2150E333-8FDC-42A3-9474-1A3956D46DE8}") = "ConfigFiles", "ConfigFiles", "{9716BCBD-1868-4445-AF2D-F15FD7832F17}"
	ProjectSection(SolutionItems) = preProject
		ConfigFiles\App.config = ConfigFiles\App.config
	EndProjectSection
EndProject
Global
	GlobalSection(SolutionConfigurationPlatforms) = preSolution
		Debug|Any CPU = Debug|Any CPU
		Debug|Mixed Platforms = Debug|Mixed Platforms
		Debug|x86 = Debug|x86
		Release|Any CPU = Release|Any CPU
		Release|Mixed Platforms = Release|Mixed Platforms
		Release|x86 = Release|x86
		SingleProjectTest|Any CPU = SingleProjectTest|Any CPU
		SingleProjectTest|Mixed Platforms = SingleProjectTest|Mixed Platforms
		SingleProjectTest|x86 = SingleProjectTest|x86
	EndGlobalSection
	GlobalSection(ProjectConfigurationPlatforms) = postSolution
		{2C74F11C-0BA2-49D8-AFA9-946F7F3962D5}.Debug|Any CPU.ActiveCfg = Debug|Any CPU
		{2C74F11C-0BA2-49D8-AFA9-946F7F3962D5}.Debug|Any CPU.Build.0 = Debug|Any CPU
		{2C74F11C-0BA2-49D8-AFA9-946F7F3962D5}.Debug|Mixed Platforms.ActiveCfg = Debug|Any CPU
		{2C74F11C-0BA2-49D8-AFA9-946F7F3962D5}.Debug|Mixed Platforms.Build.0 = Debug|Any CPU
		{2C74F11C-0BA2-49D8-AFA9-946F7F3962D5}.Debug|x86.ActiveCfg = Debug|Any CPU
		{2C74F11C-0BA2-49D8-AFA9-946F7F3962D5}.Debug|x86.Build.0 = Debug|Any CPU
		{2C74F11C-0BA2-49D8-AFA9-946F7F3962D5}.Release|Any CPU.ActiveCfg = Release|Any CPU
		{2C74F11C-0BA2-49D8-AFA9-946F7F3962D5}.Release|Any CPU.Build.0 = Release|Any CPU
		{2C74F11C-0BA2-49D8-AFA9-946F7F3962D5}.Release|Mixed Platforms.ActiveCfg = Release|Any CPU
		{2C74F11C-0BA2-49D8-AFA9-946F7F3962D5}.Release|Mixed Platforms.Build.0 = Release|Any CPU
		{2C74F11C-0BA2-49D8-AFA9-946F7F3962D5}.Release|x86.ActiveCfg = Release|Any CPU
		{2C74F11C-0BA2-49D8-AFA9-946F7F3962D5}.Release|x86.Build.0 = Release|Any CPU
		{2C74F11C-0BA2-49D8-AFA9-946F7F3962D5}.SingleProjectTest|Any CPU.ActiveCfg = Release|x86
		{2C74F11C-0BA2-49D8-AFA9-946F7F3962D5}.SingleProjectTest|Mixed Platforms.ActiveCfg = Release|x86
		{2C74F11C-0BA2-49D8-AFA9-946F7F3962D5}.SingleProjectTest|Mixed Platforms.Build.0 = Release|x86
		{2C74F11C-0BA2-49D8-AFA9-946F7F3962D5}.SingleProjectTest|x86.ActiveCfg = Release|x86
		{2C74F11C-0BA2-49D8-AFA9-946F7F3962D5}.SingleProjectTest|x86.Build.0 = Release|x86
		{8F58AC13-58D2-4C80-BE5B-25216B22F3D6}.Debug|Any CPU.ActiveCfg = Debug|Any CPU
		{8F58AC13-58D2-4C80-BE5B-25216B22F3D6}.Debug|Any CPU.Build.0 = Debug|Any CPU
		{8F58AC13-58D2-4C80-BE5B-25216B22F3D6}.Debug|Mixed Platforms.ActiveCfg = Debug|Any CPU
		{8F58AC13-58D2-4C80-BE5B-25216B22F3D6}.Debug|Mixed Platforms.Build.0 = Debug|Any CPU
		{8F58AC13-58D2-4C80-BE5B-25216B22F3D6}.Debug|x86.ActiveCfg = Debug|Any CPU
		{8F58AC13-58D2-4C80-BE5B-25216B22F3D6}.Debug|x86.Build.0 = Debug|Any CPU
		{8F58AC13-58D2-4C80-BE5B-25216B22F3D6}.Release|Any CPU.ActiveCfg = Release|Any CPU
		{8F58AC13-58D2-4C80-BE5B-25216B22F3D6}.Release|Any CPU.Build.0 = Release|Any CPU
		{8F58AC13-58D2-4C80-BE5B-25216B22F3D6}.Release|Mixed Platforms.ActiveCfg = Release|Any CPU
		{8F58AC13-58D2-4C80-BE5B-25216B22F3D6}.Release|Mixed Platforms.Build.0 = Release|Any CPU
		{8F58AC13-58D2-4C80-BE5B-25216B22F3D6}.Release|x86.ActiveCfg = Release|Any CPU
		{8F58AC13-58D2-4C80-BE5B-25216B22F3D6}.Release|x86.Build.0 = Release|Any CPU
		{8F58AC13-58D2-4C80-BE5B-25216B22F3D6}.SingleProjectTest|Any CPU.ActiveCfg = Release|Any CPU
		{8F58AC13-58D2-4C80-BE5B-25216B22F3D6}.SingleProjectTest|Any CPU.Build.0 = Release|Any CPU
		{8F58AC13-58D2-4C80-BE5B-25216B22F3D6}.SingleProjectTest|Mixed Platforms.ActiveCfg = Release|Any CPU
		{8F58AC13-58D2-4C80-BE5B-25216B22F3D6}.SingleProjectTest|Mixed Platforms.Build.0 = Release|Any CPU
		{8F58AC13-58D2-4C80-BE5B-25216B22F3D6}.SingleProjectTest|x86.ActiveCfg = Release|Any CPU
		{983FA221-2A49-4CFE-8C18-37CA8860C2C3}.Debug|Any CPU.ActiveCfg = Debug|Any CPU
		{983FA221-2A49-4CFE-8C18-37CA8860C2C3}.Debug|Any CPU.Build.0 = Debug|Any CPU
		{983FA221-2A49-4CFE-8C18-37CA8860C2C3}.Debug|Mixed Platforms.ActiveCfg = Debug|Any CPU
		{983FA221-2A49-4CFE-8C18-37CA8860C2C3}.Debug|Mixed Platforms.Build.0 = Debug|Any CPU
		{983FA221-2A49-4CFE-8C18-37CA8860C2C3}.Debug|x86.ActiveCfg = Debug|Any CPU
		{983FA221-2A49-4CFE-8C18-37CA8860C2C3}.Debug|x86.Build.0 = Debug|Any CPU
		{983FA221-2A49-4CFE-8C18-37CA8860C2C3}.Release|Any CPU.ActiveCfg = Release|Any CPU
		{983FA221-2A49-4CFE-8C18-37CA8860C2C3}.Release|Any CPU.Build.0 = Release|Any CPU
		{983FA221-2A49-4CFE-8C18-37CA8860C2C3}.Release|Mixed Platforms.ActiveCfg = Release|Any CPU
		{983FA221-2A49-4CFE-8C18-37CA8860C2C3}.Release|Mixed Platforms.Build.0 = Release|Any CPU
		{983FA221-2A49-4CFE-8C18-37CA8860C2C3}.Release|x86.ActiveCfg = Release|Any CPU
		{983FA221-2A49-4CFE-8C18-37CA8860C2C3}.Release|x86.Build.0 = Release|Any CPU
		{983FA221-2A49-4CFE-8C18-37CA8860C2C3}.SingleProjectTest|Any CPU.ActiveCfg = Release|x86
		{983FA221-2A49-4CFE-8C18-37CA8860C2C3}.SingleProjectTest|Mixed Platforms.ActiveCfg = Release|x86
		{983FA221-2A49-4CFE-8C18-37CA8860C2C3}.SingleProjectTest|Mixed Platforms.Build.0 = Release|x86
		{983FA221-2A49-4CFE-8C18-37CA8860C2C3}.SingleProjectTest|x86.ActiveCfg = Release|x86
		{983FA221-2A49-4CFE-8C18-37CA8860C2C3}.SingleProjectTest|x86.Build.0 = Release|x86
		{3DA2A0AC-5BEB-428A-AA75-423CD6D20D41}.Debug|Any CPU.ActiveCfg = Debug|Any CPU
		{3DA2A0AC-5BEB-428A-AA75-423CD6D20D41}.Debug|Any CPU.Build.0 = Debug|Any CPU
		{3DA2A0AC-5BEB-428A-AA75-423CD6D20D41}.Debug|Mixed Platforms.ActiveCfg = Debug|Any CPU
		{3DA2A0AC-5BEB-428A-AA75-423CD6D20D41}.Debug|Mixed Platforms.Build.0 = Debug|Any CPU
		{3DA2A0AC-5BEB-428A-AA75-423CD6D20D41}.Debug|x86.ActiveCfg = Debug|Any CPU
		{3DA2A0AC-5BEB-428A-AA75-423CD6D20D41}.Debug|x86.Build.0 = Debug|Any CPU
		{3DA2A0AC-5BEB-428A-AA75-423CD6D20D41}.Release|Any CPU.ActiveCfg = Release|Any CPU
		{3DA2A0AC-5BEB-428A-AA75-423CD6D20D41}.Release|Any CPU.Build.0 = Release|Any CPU
		{3DA2A0AC-5BEB-428A-AA75-423CD6D20D41}.Release|Mixed Platforms.ActiveCfg = Release|Any CPU
		{3DA2A0AC-5BEB-428A-AA75-423CD6D20D41}.Release|Mixed Platforms.Build.0 = Release|Any CPU
		{3DA2A0AC-5BEB-428A-AA75-423CD6D20D41}.Release|x86.ActiveCfg = Release|Any CPU
		{3DA2A0AC-5BEB-428A-AA75-423CD6D20D41}.Release|x86.Build.0 = Release|Any CPU
		{3DA2A0AC-5BEB-428A-AA75-423CD6D20D41}.SingleProjectTest|Any CPU.ActiveCfg = Release|x86
		{3DA2A0AC-5BEB-428A-AA75-423CD6D20D41}.SingleProjectTest|Mixed Platforms.ActiveCfg = Release|x86
		{3DA2A0AC-5BEB-428A-AA75-423CD6D20D41}.SingleProjectTest|Mixed Platforms.Build.0 = Release|x86
		{3DA2A0AC-5BEB-428A-AA75-423CD6D20D41}.SingleProjectTest|x86.ActiveCfg = Release|x86
		{3DA2A0AC-5BEB-428A-AA75-423CD6D20D41}.SingleProjectTest|x86.Build.0 = Release|x86
		{A861A7AA-6742-4946-93CB-318479208879}.Debug|Any CPU.ActiveCfg = Debug|Any CPU
		{A861A7AA-6742-4946-93CB-318479208879}.Debug|Any CPU.Build.0 = Debug|Any CPU
		{A861A7AA-6742-4946-93CB-318479208879}.Debug|Mixed Platforms.ActiveCfg = Debug|Any CPU
		{A861A7AA-6742-4946-93CB-318479208879}.Debug|Mixed Platforms.Build.0 = Debug|Any CPU
		{A861A7AA-6742-4946-93CB-318479208879}.Debug|x86.ActiveCfg = Debug|Any CPU
		{A861A7AA-6742-4946-93CB-318479208879}.Release|Any CPU.ActiveCfg = Release|Any CPU
		{A861A7AA-6742-4946-93CB-318479208879}.Release|Any CPU.Build.0 = Release|Any CPU
		{A861A7AA-6742-4946-93CB-318479208879}.Release|Mixed Platforms.ActiveCfg = Release|Any CPU
		{A861A7AA-6742-4946-93CB-318479208879}.Release|Mixed Platforms.Build.0 = Release|Any CPU
		{A861A7AA-6742-4946-93CB-318479208879}.Release|x86.ActiveCfg = Release|Any CPU
		{A861A7AA-6742-4946-93CB-318479208879}.SingleProjectTest|Any CPU.ActiveCfg = Release|Any CPU
		{A861A7AA-6742-4946-93CB-318479208879}.SingleProjectTest|Any CPU.Build.0 = Release|Any CPU
		{A861A7AA-6742-4946-93CB-318479208879}.SingleProjectTest|Mixed Platforms.ActiveCfg = Release|Any CPU
		{A861A7AA-6742-4946-93CB-318479208879}.SingleProjectTest|Mixed Platforms.Build.0 = Release|Any CPU
		{A861A7AA-6742-4946-93CB-318479208879}.SingleProjectTest|x86.ActiveCfg = Release|Any CPU
		{064701B0-5356-4722-B017-3A61178B76C8}.Debug|Any CPU.ActiveCfg = Debug|Any CPU
		{064701B0-5356-4722-B017-3A61178B76C8}.Debug|Any CPU.Build.0 = Debug|Any CPU
		{064701B0-5356-4722-B017-3A61178B76C8}.Debug|Mixed Platforms.ActiveCfg = Debug|Any CPU
		{064701B0-5356-4722-B017-3A61178B76C8}.Debug|Mixed Platforms.Build.0 = Debug|Any CPU
		{064701B0-5356-4722-B017-3A61178B76C8}.Debug|x86.ActiveCfg = Debug|x86
		{064701B0-5356-4722-B017-3A61178B76C8}.Debug|x86.Build.0 = Debug|x86
		{064701B0-5356-4722-B017-3A61178B76C8}.Release|Any CPU.ActiveCfg = Release|Any CPU
		{064701B0-5356-4722-B017-3A61178B76C8}.Release|Any CPU.Build.0 = Release|Any CPU
		{064701B0-5356-4722-B017-3A61178B76C8}.Release|Mixed Platforms.ActiveCfg = Release|Any CPU
		{064701B0-5356-4722-B017-3A61178B76C8}.Release|Mixed Platforms.Build.0 = Release|Any CPU
		{064701B0-5356-4722-B017-3A61178B76C8}.Release|x86.ActiveCfg = Release|x86
		{064701B0-5356-4722-B017-3A61178B76C8}.Release|x86.Build.0 = Release|x86
		{064701B0-5356-4722-B017-3A61178B76C8}.SingleProjectTest|Any CPU.ActiveCfg = Release|Any CPU
		{064701B0-5356-4722-B017-3A61178B76C8}.SingleProjectTest|Any CPU.Build.0 = Release|Any CPU
		{064701B0-5356-4722-B017-3A61178B76C8}.SingleProjectTest|Mixed Platforms.ActiveCfg = Release|Any CPU
		{064701B0-5356-4722-B017-3A61178B76C8}.SingleProjectTest|Mixed Platforms.Build.0 = Release|Any CPU
		{064701B0-5356-4722-B017-3A61178B76C8}.SingleProjectTest|x86.ActiveCfg = Release|Any CPU
		{F71A2B0E-B6EB-47A1-9012-F04400DEA721}.Debug|Any CPU.ActiveCfg = Debug|Any CPU
		{F71A2B0E-B6EB-47A1-9012-F04400DEA721}.Debug|Any CPU.Build.0 = Debug|Any CPU
		{F71A2B0E-B6EB-47A1-9012-F04400DEA721}.Debug|Mixed Platforms.ActiveCfg = Debug|Any CPU
		{F71A2B0E-B6EB-47A1-9012-F04400DEA721}.Debug|Mixed Platforms.Build.0 = Debug|Any CPU
		{F71A2B0E-B6EB-47A1-9012-F04400DEA721}.Debug|x86.ActiveCfg = Debug|Any CPU
		{F71A2B0E-B6EB-47A1-9012-F04400DEA721}.Release|Any CPU.ActiveCfg = Release|Any CPU
		{F71A2B0E-B6EB-47A1-9012-F04400DEA721}.Release|Any CPU.Build.0 = Release|Any CPU
		{F71A2B0E-B6EB-47A1-9012-F04400DEA721}.Release|Mixed Platforms.ActiveCfg = Release|Any CPU
		{F71A2B0E-B6EB-47A1-9012-F04400DEA721}.Release|Mixed Platforms.Build.0 = Release|Any CPU
		{F71A2B0E-B6EB-47A1-9012-F04400DEA721}.Release|x86.ActiveCfg = Release|Any CPU
		{F71A2B0E-B6EB-47A1-9012-F04400DEA721}.SingleProjectTest|Any CPU.ActiveCfg = Release|Any CPU
		{F71A2B0E-B6EB-47A1-9012-F04400DEA721}.SingleProjectTest|Any CPU.Build.0 = Release|Any CPU
		{F71A2B0E-B6EB-47A1-9012-F04400DEA721}.SingleProjectTest|Mixed Platforms.ActiveCfg = Release|Any CPU
		{F71A2B0E-B6EB-47A1-9012-F04400DEA721}.SingleProjectTest|Mixed Platforms.Build.0 = Release|Any CPU
		{F71A2B0E-B6EB-47A1-9012-F04400DEA721}.SingleProjectTest|x86.ActiveCfg = Release|Any CPU
		{4F9E05F9-5D4F-45B2-88C8-1321ECD4A9BD}.Debug|Any CPU.ActiveCfg = Debug|Any CPU
		{4F9E05F9-5D4F-45B2-88C8-1321ECD4A9BD}.Debug|Any CPU.Build.0 = Debug|Any CPU
		{4F9E05F9-5D4F-45B2-88C8-1321ECD4A9BD}.Debug|Mixed Platforms.ActiveCfg = Debug|Any CPU
		{4F9E05F9-5D4F-45B2-88C8-1321ECD4A9BD}.Debug|Mixed Platforms.Build.0 = Debug|Any CPU
		{4F9E05F9-5D4F-45B2-88C8-1321ECD4A9BD}.Debug|x86.ActiveCfg = Debug|Any CPU
		{4F9E05F9-5D4F-45B2-88C8-1321ECD4A9BD}.Release|Any CPU.ActiveCfg = Release|Any CPU
		{4F9E05F9-5D4F-45B2-88C8-1321ECD4A9BD}.Release|Any CPU.Build.0 = Release|Any CPU
		{4F9E05F9-5D4F-45B2-88C8-1321ECD4A9BD}.Release|Mixed Platforms.ActiveCfg = Release|Any CPU
		{4F9E05F9-5D4F-45B2-88C8-1321ECD4A9BD}.Release|Mixed Platforms.Build.0 = Release|Any CPU
		{4F9E05F9-5D4F-45B2-88C8-1321ECD4A9BD}.Release|x86.ActiveCfg = Release|Any CPU
		{4F9E05F9-5D4F-45B2-88C8-1321ECD4A9BD}.SingleProjectTest|Any CPU.ActiveCfg = Release|Any CPU
		{4F9E05F9-5D4F-45B2-88C8-1321ECD4A9BD}.SingleProjectTest|Any CPU.Build.0 = Release|Any CPU
		{4F9E05F9-5D4F-45B2-88C8-1321ECD4A9BD}.SingleProjectTest|Mixed Platforms.ActiveCfg = Release|Any CPU
		{4F9E05F9-5D4F-45B2-88C8-1321ECD4A9BD}.SingleProjectTest|Mixed Platforms.Build.0 = Release|Any CPU
		{4F9E05F9-5D4F-45B2-88C8-1321ECD4A9BD}.SingleProjectTest|x86.ActiveCfg = Release|Any CPU
		{4258375E-6727-414D-99F7-851FD3584624}.Debug|Any CPU.ActiveCfg = Debug|Any CPU
		{4258375E-6727-414D-99F7-851FD3584624}.Debug|Any CPU.Build.0 = Debug|Any CPU
		{4258375E-6727-414D-99F7-851FD3584624}.Debug|Mixed Platforms.ActiveCfg = Debug|Any CPU
		{4258375E-6727-414D-99F7-851FD3584624}.Debug|Mixed Platforms.Build.0 = Debug|Any CPU
		{4258375E-6727-414D-99F7-851FD3584624}.Debug|x86.ActiveCfg = Debug|Any CPU
		{4258375E-6727-414D-99F7-851FD3584624}.Release|Any CPU.ActiveCfg = Release|Any CPU
		{4258375E-6727-414D-99F7-851FD3584624}.Release|Any CPU.Build.0 = Release|Any CPU
		{4258375E-6727-414D-99F7-851FD3584624}.Release|Mixed Platforms.ActiveCfg = Release|Any CPU
		{4258375E-6727-414D-99F7-851FD3584624}.Release|Mixed Platforms.Build.0 = Release|Any CPU
		{4258375E-6727-414D-99F7-851FD3584624}.Release|x86.ActiveCfg = Release|Any CPU
		{4258375E-6727-414D-99F7-851FD3584624}.SingleProjectTest|Any CPU.ActiveCfg = Release|Any CPU
		{4258375E-6727-414D-99F7-851FD3584624}.SingleProjectTest|Any CPU.Build.0 = Release|Any CPU
		{4258375E-6727-414D-99F7-851FD3584624}.SingleProjectTest|Mixed Platforms.ActiveCfg = Release|Any CPU
		{4258375E-6727-414D-99F7-851FD3584624}.SingleProjectTest|Mixed Platforms.Build.0 = Release|Any CPU
		{4258375E-6727-414D-99F7-851FD3584624}.SingleProjectTest|x86.ActiveCfg = Release|Any CPU
		{43B376E5-3CF6-41E4-90E8-3FE58FCBAE7F}.Debug|Any CPU.ActiveCfg = Debug|Any CPU
		{43B376E5-3CF6-41E4-90E8-3FE58FCBAE7F}.Debug|Any CPU.Build.0 = Debug|Any CPU
		{43B376E5-3CF6-41E4-90E8-3FE58FCBAE7F}.Debug|Mixed Platforms.ActiveCfg = Debug|Any CPU
		{43B376E5-3CF6-41E4-90E8-3FE58FCBAE7F}.Debug|Mixed Platforms.Build.0 = Debug|Any CPU
		{43B376E5-3CF6-41E4-90E8-3FE58FCBAE7F}.Debug|x86.ActiveCfg = Debug|x86
		{43B376E5-3CF6-41E4-90E8-3FE58FCBAE7F}.Debug|x86.Build.0 = Debug|x86
		{43B376E5-3CF6-41E4-90E8-3FE58FCBAE7F}.Release|Any CPU.ActiveCfg = Release|x86
		{43B376E5-3CF6-41E4-90E8-3FE58FCBAE7F}.Release|Mixed Platforms.ActiveCfg = Release|x86
		{43B376E5-3CF6-41E4-90E8-3FE58FCBAE7F}.Release|Mixed Platforms.Build.0 = Release|x86
		{43B376E5-3CF6-41E4-90E8-3FE58FCBAE7F}.Release|x86.ActiveCfg = Release|x86
		{43B376E5-3CF6-41E4-90E8-3FE58FCBAE7F}.Release|x86.Build.0 = Release|x86
		{43B376E5-3CF6-41E4-90E8-3FE58FCBAE7F}.SingleProjectTest|Any CPU.ActiveCfg = Release|x86
		{43B376E5-3CF6-41E4-90E8-3FE58FCBAE7F}.SingleProjectTest|Mixed Platforms.ActiveCfg = Release|x86
		{43B376E5-3CF6-41E4-90E8-3FE58FCBAE7F}.SingleProjectTest|Mixed Platforms.Build.0 = Release|x86
		{43B376E5-3CF6-41E4-90E8-3FE58FCBAE7F}.SingleProjectTest|x86.ActiveCfg = Release|x86
		{43B376E5-3CF6-41E4-90E8-3FE58FCBAE7F}.SingleProjectTest|x86.Build.0 = Release|x86
		{6540342A-F9C9-4EC2-9359-C60A0E71D383}.Debug|Any CPU.ActiveCfg = Debug|Any CPU
		{6540342A-F9C9-4EC2-9359-C60A0E71D383}.Debug|Any CPU.Build.0 = Debug|Any CPU
		{6540342A-F9C9-4EC2-9359-C60A0E71D383}.Debug|Mixed Platforms.ActiveCfg = Debug|Any CPU
		{6540342A-F9C9-4EC2-9359-C60A0E71D383}.Debug|Mixed Platforms.Build.0 = Debug|Any CPU
		{6540342A-F9C9-4EC2-9359-C60A0E71D383}.Debug|x86.ActiveCfg = Debug|Any CPU
		{6540342A-F9C9-4EC2-9359-C60A0E71D383}.Release|Any CPU.ActiveCfg = Release|Any CPU
		{6540342A-F9C9-4EC2-9359-C60A0E71D383}.Release|Any CPU.Build.0 = Release|Any CPU
		{6540342A-F9C9-4EC2-9359-C60A0E71D383}.Release|Mixed Platforms.ActiveCfg = Release|Any CPU
		{6540342A-F9C9-4EC2-9359-C60A0E71D383}.Release|Mixed Platforms.Build.0 = Release|Any CPU
		{6540342A-F9C9-4EC2-9359-C60A0E71D383}.Release|x86.ActiveCfg = Release|Any CPU
		{6540342A-F9C9-4EC2-9359-C60A0E71D383}.SingleProjectTest|Any CPU.ActiveCfg = Release|Any CPU
		{6540342A-F9C9-4EC2-9359-C60A0E71D383}.SingleProjectTest|Any CPU.Build.0 = Release|Any CPU
		{6540342A-F9C9-4EC2-9359-C60A0E71D383}.SingleProjectTest|Mixed Platforms.ActiveCfg = Release|Any CPU
		{6540342A-F9C9-4EC2-9359-C60A0E71D383}.SingleProjectTest|Mixed Platforms.Build.0 = Release|Any CPU
		{6540342A-F9C9-4EC2-9359-C60A0E71D383}.SingleProjectTest|x86.ActiveCfg = Release|Any CPU
		{98FE2061-C22A-4C5C-A0B6-4B42EB2C9608}.Debug|Any CPU.ActiveCfg = Debug|Any CPU
		{98FE2061-C22A-4C5C-A0B6-4B42EB2C9608}.Debug|Any CPU.Build.0 = Debug|Any CPU
		{98FE2061-C22A-4C5C-A0B6-4B42EB2C9608}.Debug|Mixed Platforms.ActiveCfg = Debug|Any CPU
		{98FE2061-C22A-4C5C-A0B6-4B42EB2C9608}.Debug|Mixed Platforms.Build.0 = Debug|Any CPU
		{98FE2061-C22A-4C5C-A0B6-4B42EB2C9608}.Debug|x86.ActiveCfg = Debug|Any CPU
		{98FE2061-C22A-4C5C-A0B6-4B42EB2C9608}.Release|Any CPU.ActiveCfg = Release|Any CPU
		{98FE2061-C22A-4C5C-A0B6-4B42EB2C9608}.Release|Any CPU.Build.0 = Release|Any CPU
		{98FE2061-C22A-4C5C-A0B6-4B42EB2C9608}.Release|Mixed Platforms.ActiveCfg = Release|Any CPU
		{98FE2061-C22A-4C5C-A0B6-4B42EB2C9608}.Release|Mixed Platforms.Build.0 = Release|Any CPU
		{98FE2061-C22A-4C5C-A0B6-4B42EB2C9608}.Release|x86.ActiveCfg = Release|Any CPU
		{98FE2061-C22A-4C5C-A0B6-4B42EB2C9608}.SingleProjectTest|Any CPU.ActiveCfg = Release|Any CPU
		{98FE2061-C22A-4C5C-A0B6-4B42EB2C9608}.SingleProjectTest|Any CPU.Build.0 = Release|Any CPU
		{98FE2061-C22A-4C5C-A0B6-4B42EB2C9608}.SingleProjectTest|Mixed Platforms.ActiveCfg = Release|Any CPU
		{98FE2061-C22A-4C5C-A0B6-4B42EB2C9608}.SingleProjectTest|Mixed Platforms.Build.0 = Release|Any CPU
		{98FE2061-C22A-4C5C-A0B6-4B42EB2C9608}.SingleProjectTest|x86.ActiveCfg = Release|Any CPU
		{4BD6EF0E-AFA6-422B-B8DB-C666F3DAE8E1}.Debug|Any CPU.ActiveCfg = Debug|Any CPU
		{4BD6EF0E-AFA6-422B-B8DB-C666F3DAE8E1}.Debug|Any CPU.Build.0 = Debug|Any CPU
		{4BD6EF0E-AFA6-422B-B8DB-C666F3DAE8E1}.Debug|Mixed Platforms.ActiveCfg = Debug|Any CPU
		{4BD6EF0E-AFA6-422B-B8DB-C666F3DAE8E1}.Debug|Mixed Platforms.Build.0 = Debug|Any CPU
		{4BD6EF0E-AFA6-422B-B8DB-C666F3DAE8E1}.Debug|x86.ActiveCfg = Debug|x86
		{4BD6EF0E-AFA6-422B-B8DB-C666F3DAE8E1}.Debug|x86.Build.0 = Debug|x86
		{4BD6EF0E-AFA6-422B-B8DB-C666F3DAE8E1}.Release|Any CPU.ActiveCfg = Release|x86
		{4BD6EF0E-AFA6-422B-B8DB-C666F3DAE8E1}.Release|Mixed Platforms.ActiveCfg = Release|x86
		{4BD6EF0E-AFA6-422B-B8DB-C666F3DAE8E1}.Release|Mixed Platforms.Build.0 = Release|x86
		{4BD6EF0E-AFA6-422B-B8DB-C666F3DAE8E1}.Release|x86.ActiveCfg = Release|x86
		{4BD6EF0E-AFA6-422B-B8DB-C666F3DAE8E1}.Release|x86.Build.0 = Release|x86
		{4BD6EF0E-AFA6-422B-B8DB-C666F3DAE8E1}.SingleProjectTest|Any CPU.ActiveCfg = Release|x86
		{4BD6EF0E-AFA6-422B-B8DB-C666F3DAE8E1}.SingleProjectTest|Mixed Platforms.ActiveCfg = Release|x86
		{4BD6EF0E-AFA6-422B-B8DB-C666F3DAE8E1}.SingleProjectTest|Mixed Platforms.Build.0 = Release|x86
		{4BD6EF0E-AFA6-422B-B8DB-C666F3DAE8E1}.SingleProjectTest|x86.ActiveCfg = Release|x86
		{4BD6EF0E-AFA6-422B-B8DB-C666F3DAE8E1}.SingleProjectTest|x86.Build.0 = Release|x86
		{CF1F7B0B-85ED-4F7B-A8F1-C4924212FABC}.Debug|Any CPU.ActiveCfg = Debug|Any CPU
		{CF1F7B0B-85ED-4F7B-A8F1-C4924212FABC}.Debug|Any CPU.Build.0 = Debug|Any CPU
		{CF1F7B0B-85ED-4F7B-A8F1-C4924212FABC}.Debug|Mixed Platforms.ActiveCfg = Debug|Any CPU
		{CF1F7B0B-85ED-4F7B-A8F1-C4924212FABC}.Debug|Mixed Platforms.Build.0 = Debug|Any CPU
		{CF1F7B0B-85ED-4F7B-A8F1-C4924212FABC}.Debug|x86.ActiveCfg = Debug|Any CPU
		{CF1F7B0B-85ED-4F7B-A8F1-C4924212FABC}.Release|Any CPU.ActiveCfg = Release|Any CPU
		{CF1F7B0B-85ED-4F7B-A8F1-C4924212FABC}.Release|Any CPU.Build.0 = Release|Any CPU
		{CF1F7B0B-85ED-4F7B-A8F1-C4924212FABC}.Release|Mixed Platforms.ActiveCfg = Release|Any CPU
		{CF1F7B0B-85ED-4F7B-A8F1-C4924212FABC}.Release|Mixed Platforms.Build.0 = Release|Any CPU
		{CF1F7B0B-85ED-4F7B-A8F1-C4924212FABC}.Release|x86.ActiveCfg = Release|Any CPU
		{CF1F7B0B-85ED-4F7B-A8F1-C4924212FABC}.SingleProjectTest|Any CPU.ActiveCfg = Release|Any CPU
		{CF1F7B0B-85ED-4F7B-A8F1-C4924212FABC}.SingleProjectTest|Any CPU.Build.0 = Release|Any CPU
		{CF1F7B0B-85ED-4F7B-A8F1-C4924212FABC}.SingleProjectTest|Mixed Platforms.ActiveCfg = Release|Any CPU
		{CF1F7B0B-85ED-4F7B-A8F1-C4924212FABC}.SingleProjectTest|Mixed Platforms.Build.0 = Release|Any CPU
		{CF1F7B0B-85ED-4F7B-A8F1-C4924212FABC}.SingleProjectTest|x86.ActiveCfg = Release|Any CPU
		{0B0461B6-FFB9-41EA-AA8E-6A04A469B1E7}.Debug|Any CPU.ActiveCfg = Debug|Any CPU
		{0B0461B6-FFB9-41EA-AA8E-6A04A469B1E7}.Debug|Any CPU.Build.0 = Debug|Any CPU
		{0B0461B6-FFB9-41EA-AA8E-6A04A469B1E7}.Debug|Mixed Platforms.ActiveCfg = Debug|Any CPU
		{0B0461B6-FFB9-41EA-AA8E-6A04A469B1E7}.Debug|Mixed Platforms.Build.0 = Debug|Any CPU
		{0B0461B6-FFB9-41EA-AA8E-6A04A469B1E7}.Debug|x86.ActiveCfg = Debug|Any CPU
		{0B0461B6-FFB9-41EA-AA8E-6A04A469B1E7}.Release|Any CPU.ActiveCfg = Release|Any CPU
		{0B0461B6-FFB9-41EA-AA8E-6A04A469B1E7}.Release|Any CPU.Build.0 = Release|Any CPU
		{0B0461B6-FFB9-41EA-AA8E-6A04A469B1E7}.Release|Mixed Platforms.ActiveCfg = Release|Any CPU
		{0B0461B6-FFB9-41EA-AA8E-6A04A469B1E7}.Release|Mixed Platforms.Build.0 = Release|Any CPU
		{0B0461B6-FFB9-41EA-AA8E-6A04A469B1E7}.Release|x86.ActiveCfg = Release|Any CPU
		{0B0461B6-FFB9-41EA-AA8E-6A04A469B1E7}.SingleProjectTest|Any CPU.ActiveCfg = Release|Any CPU
		{0B0461B6-FFB9-41EA-AA8E-6A04A469B1E7}.SingleProjectTest|Any CPU.Build.0 = Release|Any CPU
		{0B0461B6-FFB9-41EA-AA8E-6A04A469B1E7}.SingleProjectTest|Mixed Platforms.ActiveCfg = Release|Any CPU
		{0B0461B6-FFB9-41EA-AA8E-6A04A469B1E7}.SingleProjectTest|Mixed Platforms.Build.0 = Release|Any CPU
		{0B0461B6-FFB9-41EA-AA8E-6A04A469B1E7}.SingleProjectTest|x86.ActiveCfg = Release|Any CPU
		{C2911262-91DF-4F0D-B308-548789CEF11F}.Debug|Any CPU.ActiveCfg = Debug|Any CPU
		{C2911262-91DF-4F0D-B308-548789CEF11F}.Debug|Any CPU.Build.0 = Debug|Any CPU
		{C2911262-91DF-4F0D-B308-548789CEF11F}.Debug|Mixed Platforms.ActiveCfg = Debug|Any CPU
		{C2911262-91DF-4F0D-B308-548789CEF11F}.Debug|Mixed Platforms.Build.0 = Debug|Any CPU
		{C2911262-91DF-4F0D-B308-548789CEF11F}.Debug|x86.ActiveCfg = Debug|Any CPU
		{C2911262-91DF-4F0D-B308-548789CEF11F}.Release|Any CPU.ActiveCfg = Release|Any CPU
		{C2911262-91DF-4F0D-B308-548789CEF11F}.Release|Any CPU.Build.0 = Release|Any CPU
		{C2911262-91DF-4F0D-B308-548789CEF11F}.Release|Mixed Platforms.ActiveCfg = Release|Any CPU
		{C2911262-91DF-4F0D-B308-548789CEF11F}.Release|Mixed Platforms.Build.0 = Release|Any CPU
		{C2911262-91DF-4F0D-B308-548789CEF11F}.Release|x86.ActiveCfg = Release|Any CPU
		{C2911262-91DF-4F0D-B308-548789CEF11F}.SingleProjectTest|Any CPU.ActiveCfg = Release|Any CPU
		{C2911262-91DF-4F0D-B308-548789CEF11F}.SingleProjectTest|Any CPU.Build.0 = Release|Any CPU
		{C2911262-91DF-4F0D-B308-548789CEF11F}.SingleProjectTest|Mixed Platforms.ActiveCfg = Release|Any CPU
		{C2911262-91DF-4F0D-B308-548789CEF11F}.SingleProjectTest|Mixed Platforms.Build.0 = Release|Any CPU
		{C2911262-91DF-4F0D-B308-548789CEF11F}.SingleProjectTest|x86.ActiveCfg = Release|Any CPU
		{50E3A442-99F3-48E2-BF6D-525E6E3AA635}.Debug|Any CPU.ActiveCfg = Debug|Any CPU
		{50E3A442-99F3-48E2-BF6D-525E6E3AA635}.Debug|Any CPU.Build.0 = Debug|Any CPU
		{50E3A442-99F3-48E2-BF6D-525E6E3AA635}.Debug|Mixed Platforms.ActiveCfg = Debug|Any CPU
		{50E3A442-99F3-48E2-BF6D-525E6E3AA635}.Debug|Mixed Platforms.Build.0 = Debug|Any CPU
		{50E3A442-99F3-48E2-BF6D-525E6E3AA635}.Debug|x86.ActiveCfg = Debug|x86
		{50E3A442-99F3-48E2-BF6D-525E6E3AA635}.Debug|x86.Build.0 = Debug|x86
		{50E3A442-99F3-48E2-BF6D-525E6E3AA635}.Release|Any CPU.ActiveCfg = Release|x86
		{50E3A442-99F3-48E2-BF6D-525E6E3AA635}.Release|Mixed Platforms.ActiveCfg = Release|x86
		{50E3A442-99F3-48E2-BF6D-525E6E3AA635}.Release|Mixed Platforms.Build.0 = Release|x86
		{50E3A442-99F3-48E2-BF6D-525E6E3AA635}.Release|x86.ActiveCfg = Release|x86
		{50E3A442-99F3-48E2-BF6D-525E6E3AA635}.Release|x86.Build.0 = Release|x86
		{50E3A442-99F3-48E2-BF6D-525E6E3AA635}.SingleProjectTest|Any CPU.ActiveCfg = Release|x86
		{50E3A442-99F3-48E2-BF6D-525E6E3AA635}.SingleProjectTest|Mixed Platforms.ActiveCfg = Release|x86
		{50E3A442-99F3-48E2-BF6D-525E6E3AA635}.SingleProjectTest|Mixed Platforms.Build.0 = Release|x86
		{50E3A442-99F3-48E2-BF6D-525E6E3AA635}.SingleProjectTest|x86.ActiveCfg = Release|x86
		{50E3A442-99F3-48E2-BF6D-525E6E3AA635}.SingleProjectTest|x86.Build.0 = Release|x86
		{3EC82BA3-94D8-47B5-9193-C4D84DAA64FE}.Debug|Any CPU.ActiveCfg = Debug|Any CPU
		{3EC82BA3-94D8-47B5-9193-C4D84DAA64FE}.Debug|Any CPU.Build.0 = Debug|Any CPU
		{3EC82BA3-94D8-47B5-9193-C4D84DAA64FE}.Debug|Mixed Platforms.ActiveCfg = Debug|Any CPU
		{3EC82BA3-94D8-47B5-9193-C4D84DAA64FE}.Debug|Mixed Platforms.Build.0 = Debug|Any CPU
		{3EC82BA3-94D8-47B5-9193-C4D84DAA64FE}.Debug|x86.ActiveCfg = Debug|Any CPU
		{3EC82BA3-94D8-47B5-9193-C4D84DAA64FE}.Release|Any CPU.ActiveCfg = Release|Any CPU
		{3EC82BA3-94D8-47B5-9193-C4D84DAA64FE}.Release|Any CPU.Build.0 = Release|Any CPU
		{3EC82BA3-94D8-47B5-9193-C4D84DAA64FE}.Release|Mixed Platforms.ActiveCfg = Release|Any CPU
		{3EC82BA3-94D8-47B5-9193-C4D84DAA64FE}.Release|Mixed Platforms.Build.0 = Release|Any CPU
		{3EC82BA3-94D8-47B5-9193-C4D84DAA64FE}.Release|x86.ActiveCfg = Release|Any CPU
		{3EC82BA3-94D8-47B5-9193-C4D84DAA64FE}.SingleProjectTest|Any CPU.ActiveCfg = Release|Any CPU
		{3EC82BA3-94D8-47B5-9193-C4D84DAA64FE}.SingleProjectTest|Any CPU.Build.0 = Release|Any CPU
		{3EC82BA3-94D8-47B5-9193-C4D84DAA64FE}.SingleProjectTest|Mixed Platforms.ActiveCfg = Release|Any CPU
		{3EC82BA3-94D8-47B5-9193-C4D84DAA64FE}.SingleProjectTest|Mixed Platforms.Build.0 = Release|Any CPU
		{3EC82BA3-94D8-47B5-9193-C4D84DAA64FE}.SingleProjectTest|x86.ActiveCfg = Release|Any CPU
		{01E58B26-3ECB-431B-92AF-4CD37976365E}.Debug|Any CPU.ActiveCfg = Debug|Any CPU
		{01E58B26-3ECB-431B-92AF-4CD37976365E}.Debug|Any CPU.Build.0 = Debug|Any CPU
		{01E58B26-3ECB-431B-92AF-4CD37976365E}.Debug|Mixed Platforms.ActiveCfg = Debug|Any CPU
		{01E58B26-3ECB-431B-92AF-4CD37976365E}.Debug|Mixed Platforms.Build.0 = Debug|Any CPU
		{01E58B26-3ECB-431B-92AF-4CD37976365E}.Debug|x86.ActiveCfg = Debug|Any CPU
		{01E58B26-3ECB-431B-92AF-4CD37976365E}.Release|Any CPU.ActiveCfg = Release|Any CPU
		{01E58B26-3ECB-431B-92AF-4CD37976365E}.Release|Any CPU.Build.0 = Release|Any CPU
		{01E58B26-3ECB-431B-92AF-4CD37976365E}.Release|Mixed Platforms.ActiveCfg = Release|Any CPU
		{01E58B26-3ECB-431B-92AF-4CD37976365E}.Release|Mixed Platforms.Build.0 = Release|Any CPU
		{01E58B26-3ECB-431B-92AF-4CD37976365E}.Release|x86.ActiveCfg = Release|Any CPU
		{01E58B26-3ECB-431B-92AF-4CD37976365E}.SingleProjectTest|Any CPU.ActiveCfg = Release|Any CPU
		{01E58B26-3ECB-431B-92AF-4CD37976365E}.SingleProjectTest|Any CPU.Build.0 = Release|Any CPU
		{01E58B26-3ECB-431B-92AF-4CD37976365E}.SingleProjectTest|Mixed Platforms.ActiveCfg = Release|Any CPU
		{01E58B26-3ECB-431B-92AF-4CD37976365E}.SingleProjectTest|Mixed Platforms.Build.0 = Release|Any CPU
		{01E58B26-3ECB-431B-92AF-4CD37976365E}.SingleProjectTest|x86.ActiveCfg = Release|Any CPU
		{DD284F04-78BF-4F72-8C57-DF88912568E7}.Debug|Any CPU.ActiveCfg = Debug|Any CPU
		{DD284F04-78BF-4F72-8C57-DF88912568E7}.Debug|Any CPU.Build.0 = Debug|Any CPU
		{DD284F04-78BF-4F72-8C57-DF88912568E7}.Debug|Mixed Platforms.ActiveCfg = Debug|Any CPU
		{DD284F04-78BF-4F72-8C57-DF88912568E7}.Debug|Mixed Platforms.Build.0 = Debug|Any CPU
		{DD284F04-78BF-4F72-8C57-DF88912568E7}.Debug|x86.ActiveCfg = Debug|Any CPU
		{DD284F04-78BF-4F72-8C57-DF88912568E7}.Release|Any CPU.ActiveCfg = Release|Any CPU
		{DD284F04-78BF-4F72-8C57-DF88912568E7}.Release|Any CPU.Build.0 = Release|Any CPU
		{DD284F04-78BF-4F72-8C57-DF88912568E7}.Release|Mixed Platforms.ActiveCfg = Release|Any CPU
		{DD284F04-78BF-4F72-8C57-DF88912568E7}.Release|Mixed Platforms.Build.0 = Release|Any CPU
		{DD284F04-78BF-4F72-8C57-DF88912568E7}.Release|x86.ActiveCfg = Release|Any CPU
		{DD284F04-78BF-4F72-8C57-DF88912568E7}.SingleProjectTest|Any CPU.ActiveCfg = Release|Any CPU
		{DD284F04-78BF-4F72-8C57-DF88912568E7}.SingleProjectTest|Any CPU.Build.0 = Release|Any CPU
		{DD284F04-78BF-4F72-8C57-DF88912568E7}.SingleProjectTest|Mixed Platforms.ActiveCfg = Release|Any CPU
		{DD284F04-78BF-4F72-8C57-DF88912568E7}.SingleProjectTest|Mixed Platforms.Build.0 = Release|Any CPU
		{DD284F04-78BF-4F72-8C57-DF88912568E7}.SingleProjectTest|x86.ActiveCfg = Release|Any CPU
	EndGlobalSection
	GlobalSection(SolutionProperties) = preSolution
		HideSolutionNode = FALSE
	EndGlobalSection
	GlobalSection(NestedProjects) = preSolution
		{2C74F11C-0BA2-49D8-AFA9-946F7F3962D5} = {9910F470-3519-4E2E-9BAC-11A4BC6051F6}
		{983FA221-2A49-4CFE-8C18-37CA8860C2C3} = {9910F470-3519-4E2E-9BAC-11A4BC6051F6}
		{43B376E5-3CF6-41E4-90E8-3FE58FCBAE7F} = {9910F470-3519-4E2E-9BAC-11A4BC6051F6}
		{98FE2061-C22A-4C5C-A0B6-4B42EB2C9608} = {0A0703B2-2D4C-4ACB-BA2D-F017EC895FF1}
		{4BD6EF0E-AFA6-422B-B8DB-C666F3DAE8E1} = {9910F470-3519-4E2E-9BAC-11A4BC6051F6}
		{CF1F7B0B-85ED-4F7B-A8F1-C4924212FABC} = {94D0207D-F8FD-4670-96E3-6B1FDABA6D41}
		{0B0461B6-FFB9-41EA-AA8E-6A04A469B1E7} = {94D0207D-F8FD-4670-96E3-6B1FDABA6D41}
		{50E3A442-99F3-48E2-BF6D-525E6E3AA635} = {9910F470-3519-4E2E-9BAC-11A4BC6051F6}
		{01E58B26-3ECB-431B-92AF-4CD37976365E} = {9910F470-3519-4E2E-9BAC-11A4BC6051F6}
	EndGlobalSection
EndGlobal
